// !$*UTF8*$!
{
	archiveVersion = 1;
	classes = {
	};
	objectVersion = 56;
	objects = {

/* Begin PBXBuildFile section */
		1859A8902BAB4C6E00540E88 /* InspiredApp.swift in Sources */ = {isa = PBXBuildFile; fileRef = 1859A88F2BAB4C6E00540E88 /* InspiredApp.swift */; };
		1859A8922BAB4C6E00540E88 /* ContentView.swift in Sources */ = {isa = PBXBuildFile; fileRef = 1859A8912BAB4C6E00540E88 /* ContentView.swift */; };
		1859A8942BAB4C6E00540E88 /* Item.swift in Sources */ = {isa = PBXBuildFile; fileRef = 1859A8932BAB4C6E00540E88 /* Item.swift */; };
		1859A8962BAB4C7000540E88 /* Assets.xcassets in Resources */ = {isa = PBXBuildFile; fileRef = 1859A8952BAB4C7000540E88 /* Assets.xcassets */; };
		1859A89A2BAB4C7000540E88 /* Preview Assets.xcassets in Resources */ = {isa = PBXBuildFile; fileRef = 1859A8992BAB4C7000540E88 /* Preview Assets.xcassets */; };
		1859A8A42BAB4C7000540E88 /* InspiredTests.swift in Sources */ = {isa = PBXBuildFile; fileRef = 1859A8A32BAB4C7000540E88 /* InspiredTests.swift */; };
		1859A8AE2BAB4C7000540E88 /* InspiredUITests.swift in Sources */ = {isa = PBXBuildFile; fileRef = 1859A8AD2BAB4C7000540E88 /* InspiredUITests.swift */; };
		1859A8B02BAB4C7000540E88 /* InspiredUITestsLaunchTests.swift in Sources */ = {isa = PBXBuildFile; fileRef = 1859A8AF2BAB4C7000540E88 /* InspiredUITestsLaunchTests.swift */; };
		1859A8BD2BC2D97400540E88 /* FlowLayout.swift in Sources */ = {isa = PBXBuildFile; fileRef = 1859A8BC2BC2D97400540E88 /* FlowLayout.swift */; };
		1859A8BF2BCC234E00540E88 /* SecurelyStoredTests.swift in Sources */ = {isa = PBXBuildFile; fileRef = 1859A8BE2BCC234E00540E88 /* SecurelyStoredTests.swift */; };
		1859A8C12BCC235400540E88 /* KeychainAccessor.swift in Sources */ = {isa = PBXBuildFile; fileRef = 1859A8C02BCC235400540E88 /* KeychainAccessor.swift */; };
		1859A8C32BCC341400540E88 /* SecurelyStored.swift in Sources */ = {isa = PBXBuildFile; fileRef = 1859A8C22BCC341400540E88 /* SecurelyStored.swift */; };
		1859A8C52BCC3D4300540E88 /* ConcernedKeychainAccessor.swift in Sources */ = {isa = PBXBuildFile; fileRef = 1859A8C42BCC3D4300540E88 /* ConcernedKeychainAccessor.swift */; };
		1859A8C72BD2AF3600540E88 /* CircularLoaderViewTests.swift in Sources */ = {isa = PBXBuildFile; fileRef = 1859A8C62BD2AF3600540E88 /* CircularLoaderViewTests.swift */; };
		1859A8C92BD2AF4700540E88 /* CircularLoaderView.swift in Sources */ = {isa = PBXBuildFile; fileRef = 1859A8C82BD2AF4700540E88 /* CircularLoaderView.swift */; };
/* End PBXBuildFile section */

/* Begin PBXContainerItemProxy section */
		1859A8A02BAB4C7000540E88 /* PBXContainerItemProxy */ = {
			isa = PBXContainerItemProxy;
			containerPortal = 1859A8842BAB4C6E00540E88 /* Project object */;
			proxyType = 1;
			remoteGlobalIDString = 1859A88B2BAB4C6E00540E88;
			remoteInfo = Inspired;
		};
		1859A8AA2BAB4C7000540E88 /* PBXContainerItemProxy */ = {
			isa = PBXContainerItemProxy;
			containerPortal = 1859A8842BAB4C6E00540E88 /* Project object */;
			proxyType = 1;
			remoteGlobalIDString = 1859A88B2BAB4C6E00540E88;
			remoteInfo = Inspired;
		};
/* End PBXContainerItemProxy section */

/* Begin PBXFileReference section */
		1859A88C2BAB4C6E00540E88 /* Inspired.app */ = {isa = PBXFileReference; explicitFileType = wrapper.application; includeInIndex = 0; path = Inspired.app; sourceTree = BUILT_PRODUCTS_DIR; };
		1859A88F2BAB4C6E00540E88 /* InspiredApp.swift */ = {isa = PBXFileReference; lastKnownFileType = sourcecode.swift; path = InspiredApp.swift; sourceTree = "<group>"; };
		1859A8912BAB4C6E00540E88 /* ContentView.swift */ = {isa = PBXFileReference; lastKnownFileType = sourcecode.swift; path = ContentView.swift; sourceTree = "<group>"; };
		1859A8932BAB4C6E00540E88 /* Item.swift */ = {isa = PBXFileReference; lastKnownFileType = sourcecode.swift; path = Item.swift; sourceTree = "<group>"; };
		1859A8952BAB4C7000540E88 /* Assets.xcassets */ = {isa = PBXFileReference; lastKnownFileType = folder.assetcatalog; path = Assets.xcassets; sourceTree = "<group>"; };
		1859A8972BAB4C7000540E88 /* Inspired.entitlements */ = {isa = PBXFileReference; lastKnownFileType = text.plist.entitlements; path = Inspired.entitlements; sourceTree = "<group>"; };
		1859A8992BAB4C7000540E88 /* Preview Assets.xcassets */ = {isa = PBXFileReference; lastKnownFileType = folder.assetcatalog; path = "Preview Assets.xcassets"; sourceTree = "<group>"; };
		1859A89F2BAB4C7000540E88 /* InspiredTests.xctest */ = {isa = PBXFileReference; explicitFileType = wrapper.cfbundle; includeInIndex = 0; path = InspiredTests.xctest; sourceTree = BUILT_PRODUCTS_DIR; };
		1859A8A32BAB4C7000540E88 /* InspiredTests.swift */ = {isa = PBXFileReference; lastKnownFileType = sourcecode.swift; path = InspiredTests.swift; sourceTree = "<group>"; };
		1859A8A92BAB4C7000540E88 /* InspiredUITests.xctest */ = {isa = PBXFileReference; explicitFileType = wrapper.cfbundle; includeInIndex = 0; path = InspiredUITests.xctest; sourceTree = BUILT_PRODUCTS_DIR; };
		1859A8AD2BAB4C7000540E88 /* InspiredUITests.swift */ = {isa = PBXFileReference; lastKnownFileType = sourcecode.swift; path = InspiredUITests.swift; sourceTree = "<group>"; };
		1859A8AF2BAB4C7000540E88 /* InspiredUITestsLaunchTests.swift */ = {isa = PBXFileReference; lastKnownFileType = sourcecode.swift; path = InspiredUITestsLaunchTests.swift; sourceTree = "<group>"; };
		1859A8BC2BC2D97400540E88 /* FlowLayout.swift */ = {isa = PBXFileReference; lastKnownFileType = sourcecode.swift; path = FlowLayout.swift; sourceTree = "<group>"; };
		1859A8BE2BCC234E00540E88 /* SecurelyStoredTests.swift */ = {isa = PBXFileReference; fileEncoding = 4; lastKnownFileType = sourcecode.swift; path = SecurelyStoredTests.swift; sourceTree = "<group>"; };
		1859A8C02BCC235400540E88 /* KeychainAccessor.swift */ = {isa = PBXFileReference; fileEncoding = 4; lastKnownFileType = sourcecode.swift; path = KeychainAccessor.swift; sourceTree = "<group>"; };
		1859A8C22BCC341400540E88 /* SecurelyStored.swift */ = {isa = PBXFileReference; fileEncoding = 4; lastKnownFileType = sourcecode.swift; path = SecurelyStored.swift; sourceTree = "<group>"; };
		1859A8C42BCC3D4300540E88 /* ConcernedKeychainAccessor.swift */ = {isa = PBXFileReference; fileEncoding = 4; lastKnownFileType = sourcecode.swift; path = ConcernedKeychainAccessor.swift; sourceTree = "<group>"; };
		1859A8C62BD2AF3600540E88 /* CircularLoaderViewTests.swift */ = {isa = PBXFileReference; lastKnownFileType = sourcecode.swift; path = CircularLoaderViewTests.swift; sourceTree = "<group>"; };
		1859A8C82BD2AF4700540E88 /* CircularLoaderView.swift */ = {isa = PBXFileReference; lastKnownFileType = sourcecode.swift; path = CircularLoaderView.swift; sourceTree = "<group>"; };
		1859A8CA2BE56F6200540E88 /* Info.plist */ = {isa = PBXFileReference; lastKnownFileType = text.plist; path = Info.plist; sourceTree = "<group>"; };
/* End PBXFileReference section */

/* Begin PBXFrameworksBuildPhase section */
		1859A8892BAB4C6E00540E88 /* Frameworks */ = {
			isa = PBXFrameworksBuildPhase;
			buildActionMask = 2147483647;
			files = (
			);
			runOnlyForDeploymentPostprocessing = 0;
		};
		1859A89C2BAB4C7000540E88 /* Frameworks */ = {
			isa = PBXFrameworksBuildPhase;
			buildActionMask = 2147483647;
			files = (
			);
			runOnlyForDeploymentPostprocessing = 0;
		};
		1859A8A62BAB4C7000540E88 /* Frameworks */ = {
			isa = PBXFrameworksBuildPhase;
			buildActionMask = 2147483647;
			files = (
			);
			runOnlyForDeploymentPostprocessing = 0;
		};
/* End PBXFrameworksBuildPhase section */

/* Begin PBXGroup section */
		1859A8832BAB4C6E00540E88 = {
			isa = PBXGroup;
			children = (
				1859A88E2BAB4C6E00540E88 /* Inspired */,
				1859A8A22BAB4C7000540E88 /* InspiredTests */,
				1859A8AC2BAB4C7000540E88 /* InspiredUITests */,
				1859A88D2BAB4C6E00540E88 /* Products */,
			);
			sourceTree = "<group>";
		};
		1859A88D2BAB4C6E00540E88 /* Products */ = {
			isa = PBXGroup;
			children = (
				1859A88C2BAB4C6E00540E88 /* Inspired.app */,
				1859A89F2BAB4C7000540E88 /* InspiredTests.xctest */,
				1859A8A92BAB4C7000540E88 /* InspiredUITests.xctest */,
			);
			name = Products;
			sourceTree = "<group>";
		};
		1859A88E2BAB4C6E00540E88 /* Inspired */ = {
			isa = PBXGroup;
			children = (
				1859A8CA2BE56F6200540E88 /* Info.plist */,
				1859A8C42BCC3D4300540E88 /* ConcernedKeychainAccessor.swift */,
				1859A8C22BCC341400540E88 /* SecurelyStored.swift */,
				1859A8C02BCC235400540E88 /* KeychainAccessor.swift */,
				1859A88F2BAB4C6E00540E88 /* InspiredApp.swift */,
				1859A8912BAB4C6E00540E88 /* ContentView.swift */,
				1859A8BC2BC2D97400540E88 /* FlowLayout.swift */,
				1859A8932BAB4C6E00540E88 /* Item.swift */,
				1859A8952BAB4C7000540E88 /* Assets.xcassets */,
				1859A8972BAB4C7000540E88 /* Inspired.entitlements */,
				1859A8982BAB4C7000540E88 /* Preview Content */,
				1859A8C82BD2AF4700540E88 /* CircularLoaderView.swift */,
			);
			path = Inspired;
			sourceTree = "<group>";
		};
		1859A8982BAB4C7000540E88 /* Preview Content */ = {
			isa = PBXGroup;
			children = (
				1859A8992BAB4C7000540E88 /* Preview Assets.xcassets */,
			);
			path = "Preview Content";
			sourceTree = "<group>";
		};
		1859A8A22BAB4C7000540E88 /* InspiredTests */ = {
			isa = PBXGroup;
			children = (
				1859A8BE2BCC234E00540E88 /* SecurelyStoredTests.swift */,
				1859A8A32BAB4C7000540E88 /* InspiredTests.swift */,
				1859A8C62BD2AF3600540E88 /* CircularLoaderViewTests.swift */,
			);
			path = InspiredTests;
			sourceTree = "<group>";
		};
		1859A8AC2BAB4C7000540E88 /* InspiredUITests */ = {
			isa = PBXGroup;
			children = (
				1859A8AD2BAB4C7000540E88 /* InspiredUITests.swift */,
				1859A8AF2BAB4C7000540E88 /* InspiredUITestsLaunchTests.swift */,
			);
			path = InspiredUITests;
			sourceTree = "<group>";
		};
/* End PBXGroup section */

/* Begin PBXNativeTarget section */
		1859A88B2BAB4C6E00540E88 /* Inspired */ = {
			isa = PBXNativeTarget;
			buildConfigurationList = 1859A8B32BAB4C7000540E88 /* Build configuration list for PBXNativeTarget "Inspired" */;
			buildPhases = (
				1859A8882BAB4C6E00540E88 /* Sources */,
				1859A8892BAB4C6E00540E88 /* Frameworks */,
				1859A88A2BAB4C6E00540E88 /* Resources */,
			);
			buildRules = (
			);
			dependencies = (
			);
			name = Inspired;
			productName = Inspired;
			productReference = 1859A88C2BAB4C6E00540E88 /* Inspired.app */;
			productType = "com.apple.product-type.application";
		};
		1859A89E2BAB4C7000540E88 /* InspiredTests */ = {
			isa = PBXNativeTarget;
			buildConfigurationList = 1859A8B62BAB4C7000540E88 /* Build configuration list for PBXNativeTarget "InspiredTests" */;
			buildPhases = (
				1859A89B2BAB4C7000540E88 /* Sources */,
				1859A89C2BAB4C7000540E88 /* Frameworks */,
				1859A89D2BAB4C7000540E88 /* Resources */,
			);
			buildRules = (
			);
			dependencies = (
				1859A8A12BAB4C7000540E88 /* PBXTargetDependency */,
			);
			name = InspiredTests;
			productName = InspiredTests;
			productReference = 1859A89F2BAB4C7000540E88 /* InspiredTests.xctest */;
			productType = "com.apple.product-type.bundle.unit-test";
		};
		1859A8A82BAB4C7000540E88 /* InspiredUITests */ = {
			isa = PBXNativeTarget;
			buildConfigurationList = 1859A8B92BAB4C7000540E88 /* Build configuration list for PBXNativeTarget "InspiredUITests" */;
			buildPhases = (
				1859A8A52BAB4C7000540E88 /* Sources */,
				1859A8A62BAB4C7000540E88 /* Frameworks */,
				1859A8A72BAB4C7000540E88 /* Resources */,
			);
			buildRules = (
			);
			dependencies = (
				1859A8AB2BAB4C7000540E88 /* PBXTargetDependency */,
			);
			name = InspiredUITests;
			productName = InspiredUITests;
			productReference = 1859A8A92BAB4C7000540E88 /* InspiredUITests.xctest */;
			productType = "com.apple.product-type.bundle.ui-testing";
		};
/* End PBXNativeTarget section */

/* Begin PBXProject section */
		1859A8842BAB4C6E00540E88 /* Project object */ = {
			isa = PBXProject;
			attributes = {
				BuildIndependentTargetsInParallel = 1;
				LastSwiftUpdateCheck = 1530;
				LastUpgradeCheck = 1530;
				TargetAttributes = {
					1859A88B2BAB4C6E00540E88 = {
						CreatedOnToolsVersion = 15.3;
					};
					1859A89E2BAB4C7000540E88 = {
						CreatedOnToolsVersion = 15.3;
						TestTargetID = 1859A88B2BAB4C6E00540E88;
					};
					1859A8A82BAB4C7000540E88 = {
						CreatedOnToolsVersion = 15.3;
						TestTargetID = 1859A88B2BAB4C6E00540E88;
					};
				};
			};
			buildConfigurationList = 1859A8872BAB4C6E00540E88 /* Build configuration list for PBXProject "Inspired" */;
			compatibilityVersion = "Xcode 14.0";
			developmentRegion = en;
			hasScannedForEncodings = 0;
			knownRegions = (
				en,
				Base,
			);
			mainGroup = 1859A8832BAB4C6E00540E88;
			productRefGroup = 1859A88D2BAB4C6E00540E88 /* Products */;
			projectDirPath = "";
			projectRoot = "";
			targets = (
				1859A88B2BAB4C6E00540E88 /* Inspired */,
				1859A89E2BAB4C7000540E88 /* InspiredTests */,
				1859A8A82BAB4C7000540E88 /* InspiredUITests */,
			);
		};
/* End PBXProject section */

/* Begin PBXResourcesBuildPhase section */
		1859A88A2BAB4C6E00540E88 /* Resources */ = {
			isa = PBXResourcesBuildPhase;
			buildActionMask = 2147483647;
			files = (
				1859A89A2BAB4C7000540E88 /* Preview Assets.xcassets in Resources */,
				1859A8962BAB4C7000540E88 /* Assets.xcassets in Resources */,
			);
			runOnlyForDeploymentPostprocessing = 0;
		};
		1859A89D2BAB4C7000540E88 /* Resources */ = {
			isa = PBXResourcesBuildPhase;
			buildActionMask = 2147483647;
			files = (
			);
			runOnlyForDeploymentPostprocessing = 0;
		};
		1859A8A72BAB4C7000540E88 /* Resources */ = {
			isa = PBXResourcesBuildPhase;
			buildActionMask = 2147483647;
			files = (
			);
			runOnlyForDeploymentPostprocessing = 0;
		};
/* End PBXResourcesBuildPhase section */

/* Begin PBXSourcesBuildPhase section */
		1859A8882BAB4C6E00540E88 /* Sources */ = {
			isa = PBXSourcesBuildPhase;
			buildActionMask = 2147483647;
			files = (
				1859A8C32BCC341400540E88 /* SecurelyStored.swift in Sources */,
				1859A8922BAB4C6E00540E88 /* ContentView.swift in Sources */,
				1859A8C92BD2AF4700540E88 /* CircularLoaderView.swift in Sources */,
				1859A8BD2BC2D97400540E88 /* FlowLayout.swift in Sources */,
				1859A8942BAB4C6E00540E88 /* Item.swift in Sources */,
				1859A8C52BCC3D4300540E88 /* ConcernedKeychainAccessor.swift in Sources */,
				1859A8C12BCC235400540E88 /* KeychainAccessor.swift in Sources */,
				1859A8902BAB4C6E00540E88 /* InspiredApp.swift in Sources */,
			);
			runOnlyForDeploymentPostprocessing = 0;
		};
		1859A89B2BAB4C7000540E88 /* Sources */ = {
			isa = PBXSourcesBuildPhase;
			buildActionMask = 2147483647;
			files = (
				1859A8BF2BCC234E00540E88 /* SecurelyStoredTests.swift in Sources */,
				1859A8C72BD2AF3600540E88 /* CircularLoaderViewTests.swift in Sources */,
				1859A8A42BAB4C7000540E88 /* InspiredTests.swift in Sources */,
			);
			runOnlyForDeploymentPostprocessing = 0;
		};
		1859A8A52BAB4C7000540E88 /* Sources */ = {
			isa = PBXSourcesBuildPhase;
			buildActionMask = 2147483647;
			files = (
				1859A8B02BAB4C7000540E88 /* InspiredUITestsLaunchTests.swift in Sources */,
				1859A8AE2BAB4C7000540E88 /* InspiredUITests.swift in Sources */,
			);
			runOnlyForDeploymentPostprocessing = 0;
		};
/* End PBXSourcesBuildPhase section */

/* Begin PBXTargetDependency section */
		1859A8A12BAB4C7000540E88 /* PBXTargetDependency */ = {
			isa = PBXTargetDependency;
			target = 1859A88B2BAB4C6E00540E88 /* Inspired */;
			targetProxy = 1859A8A02BAB4C7000540E88 /* PBXContainerItemProxy */;
		};
		1859A8AB2BAB4C7000540E88 /* PBXTargetDependency */ = {
			isa = PBXTargetDependency;
			target = 1859A88B2BAB4C6E00540E88 /* Inspired */;
			targetProxy = 1859A8AA2BAB4C7000540E88 /* PBXContainerItemProxy */;
		};
/* End PBXTargetDependency section */

/* Begin XCBuildConfiguration section */
		1859A8B12BAB4C7000540E88 /* Debug */ = {
			isa = XCBuildConfiguration;
			buildSettings = {
				ALWAYS_SEARCH_USER_PATHS = NO;
				ASSETCATALOG_COMPILER_GENERATE_SWIFT_ASSET_SYMBOL_EXTENSIONS = YES;
				CLANG_ANALYZER_NONNULL = YES;
				CLANG_ANALYZER_NUMBER_OBJECT_CONVERSION = YES_AGGRESSIVE;
				CLANG_CXX_LANGUAGE_STANDARD = "gnu++20";
				CLANG_ENABLE_MODULES = YES;
				CLANG_ENABLE_OBJC_ARC = YES;
				CLANG_ENABLE_OBJC_WEAK = YES;
				CLANG_WARN_BLOCK_CAPTURE_AUTORELEASING = YES;
				CLANG_WARN_BOOL_CONVERSION = YES;
				CLANG_WARN_COMMA = YES;
				CLANG_WARN_CONSTANT_CONVERSION = YES;
				CLANG_WARN_DEPRECATED_OBJC_IMPLEMENTATIONS = YES;
				CLANG_WARN_DIRECT_OBJC_ISA_USAGE = YES_ERROR;
				CLANG_WARN_DOCUMENTATION_COMMENTS = YES;
				CLANG_WARN_EMPTY_BODY = YES;
				CLANG_WARN_ENUM_CONVERSION = YES;
				CLANG_WARN_INFINITE_RECURSION = YES;
				CLANG_WARN_INT_CONVERSION = YES;
				CLANG_WARN_NON_LITERAL_NULL_CONVERSION = YES;
				CLANG_WARN_OBJC_IMPLICIT_RETAIN_SELF = YES;
				CLANG_WARN_OBJC_LITERAL_CONVERSION = YES;
				CLANG_WARN_OBJC_ROOT_CLASS = YES_ERROR;
				CLANG_WARN_QUOTED_INCLUDE_IN_FRAMEWORK_HEADER = YES;
				CLANG_WARN_RANGE_LOOP_ANALYSIS = YES;
				CLANG_WARN_STRICT_PROTOTYPES = YES;
				CLANG_WARN_SUSPICIOUS_MOVE = YES;
				CLANG_WARN_UNGUARDED_AVAILABILITY = YES_AGGRESSIVE;
				CLANG_WARN_UNREACHABLE_CODE = YES;
				CLANG_WARN__DUPLICATE_METHOD_MATCH = YES;
				COPY_PHASE_STRIP = NO;
				DEBUG_INFORMATION_FORMAT = dwarf;
				ENABLE_STRICT_OBJC_MSGSEND = YES;
				ENABLE_TESTABILITY = YES;
				ENABLE_USER_SCRIPT_SANDBOXING = YES;
				GCC_C_LANGUAGE_STANDARD = gnu17;
				GCC_DYNAMIC_NO_PIC = NO;
				GCC_NO_COMMON_BLOCKS = YES;
				GCC_OPTIMIZATION_LEVEL = 0;
				GCC_PREPROCESSOR_DEFINITIONS = (
					"DEBUG=1",
					"$(inherited)",
				);
				GCC_WARN_64_TO_32_BIT_CONVERSION = YES;
				GCC_WARN_ABOUT_RETURN_TYPE = YES_ERROR;
				GCC_WARN_UNDECLARED_SELECTOR = YES;
				GCC_WARN_UNINITIALIZED_AUTOS = YES_AGGRESSIVE;
				GCC_WARN_UNUSED_FUNCTION = YES;
				GCC_WARN_UNUSED_VARIABLE = YES;
				LOCALIZATION_PREFERS_STRING_CATALOGS = YES;
				MTL_ENABLE_DEBUG_INFO = INCLUDE_SOURCE;
				MTL_FAST_MATH = YES;
				ONLY_ACTIVE_ARCH = YES;
				SWIFT_ACTIVE_COMPILATION_CONDITIONS = "DEBUG $(inherited)";
				SWIFT_OPTIMIZATION_LEVEL = "-Onone";
			};
			name = Debug;
		};
		1859A8B22BAB4C7000540E88 /* Release */ = {
			isa = XCBuildConfiguration;
			buildSettings = {
				ALWAYS_SEARCH_USER_PATHS = NO;
				ASSETCATALOG_COMPILER_GENERATE_SWIFT_ASSET_SYMBOL_EXTENSIONS = YES;
				CLANG_ANALYZER_NONNULL = YES;
				CLANG_ANALYZER_NUMBER_OBJECT_CONVERSION = YES_AGGRESSIVE;
				CLANG_CXX_LANGUAGE_STANDARD = "gnu++20";
				CLANG_ENABLE_MODULES = YES;
				CLANG_ENABLE_OBJC_ARC = YES;
				CLANG_ENABLE_OBJC_WEAK = YES;
				CLANG_WARN_BLOCK_CAPTURE_AUTORELEASING = YES;
				CLANG_WARN_BOOL_CONVERSION = YES;
				CLANG_WARN_COMMA = YES;
				CLANG_WARN_CONSTANT_CONVERSION = YES;
				CLANG_WARN_DEPRECATED_OBJC_IMPLEMENTATIONS = YES;
				CLANG_WARN_DIRECT_OBJC_ISA_USAGE = YES_ERROR;
				CLANG_WARN_DOCUMENTATION_COMMENTS = YES;
				CLANG_WARN_EMPTY_BODY = YES;
				CLANG_WARN_ENUM_CONVERSION = YES;
				CLANG_WARN_INFINITE_RECURSION = YES;
				CLANG_WARN_INT_CONVERSION = YES;
				CLANG_WARN_NON_LITERAL_NULL_CONVERSION = YES;
				CLANG_WARN_OBJC_IMPLICIT_RETAIN_SELF = YES;
				CLANG_WARN_OBJC_LITERAL_CONVERSION = YES;
				CLANG_WARN_OBJC_ROOT_CLASS = YES_ERROR;
				CLANG_WARN_QUOTED_INCLUDE_IN_FRAMEWORK_HEADER = YES;
				CLANG_WARN_RANGE_LOOP_ANALYSIS = YES;
				CLANG_WARN_STRICT_PROTOTYPES = YES;
				CLANG_WARN_SUSPICIOUS_MOVE = YES;
				CLANG_WARN_UNGUARDED_AVAILABILITY = YES_AGGRESSIVE;
				CLANG_WARN_UNREACHABLE_CODE = YES;
				CLANG_WARN__DUPLICATE_METHOD_MATCH = YES;
				COPY_PHASE_STRIP = NO;
				DEBUG_INFORMATION_FORMAT = "dwarf-with-dsym";
				ENABLE_NS_ASSERTIONS = NO;
				ENABLE_STRICT_OBJC_MSGSEND = YES;
				ENABLE_USER_SCRIPT_SANDBOXING = YES;
				GCC_C_LANGUAGE_STANDARD = gnu17;
				GCC_NO_COMMON_BLOCKS = YES;
				GCC_WARN_64_TO_32_BIT_CONVERSION = YES;
				GCC_WARN_ABOUT_RETURN_TYPE = YES_ERROR;
				GCC_WARN_UNDECLARED_SELECTOR = YES;
				GCC_WARN_UNINITIALIZED_AUTOS = YES_AGGRESSIVE;
				GCC_WARN_UNUSED_FUNCTION = YES;
				GCC_WARN_UNUSED_VARIABLE = YES;
				LOCALIZATION_PREFERS_STRING_CATALOGS = YES;
				MTL_ENABLE_DEBUG_INFO = NO;
				MTL_FAST_MATH = YES;
				SWIFT_COMPILATION_MODE = wholemodule;
			};
			name = Release;
		};
		1859A8B42BAB4C7000540E88 /* Debug */ = {
			isa = XCBuildConfiguration;
			buildSettings = {
				ASSETCATALOG_COMPILER_APPICON_NAME = AppIcon;
				ASSETCATALOG_COMPILER_GLOBAL_ACCENT_COLOR_NAME = AccentColor;
				CODE_SIGN_ENTITLEMENTS = Inspired/Inspired.entitlements;
				CODE_SIGN_STYLE = Automatic;
				CURRENT_PROJECT_VERSION = 1;
				DEVELOPMENT_ASSET_PATHS = "\"Inspired/Preview Content\"";
				ENABLE_PREVIEWS = YES;
				GENERATE_INFOPLIST_FILE = YES;
				INFOPLIST_FILE = Inspired/Info.plist;
				"INFOPLIST_KEY_UIApplicationSceneManifest_Generation[sdk=iphoneos*]" = YES;
				"INFOPLIST_KEY_UIApplicationSceneManifest_Generation[sdk=iphonesimulator*]" = YES;
				"INFOPLIST_KEY_UIApplicationSupportsIndirectInputEvents[sdk=iphoneos*]" = YES;
				"INFOPLIST_KEY_UIApplicationSupportsIndirectInputEvents[sdk=iphonesimulator*]" = YES;
				"INFOPLIST_KEY_UILaunchScreen_Generation[sdk=iphoneos*]" = YES;
				"INFOPLIST_KEY_UILaunchScreen_Generation[sdk=iphonesimulator*]" = YES;
				"INFOPLIST_KEY_UIStatusBarStyle[sdk=iphoneos*]" = UIStatusBarStyleDefault;
				"INFOPLIST_KEY_UIStatusBarStyle[sdk=iphonesimulator*]" = UIStatusBarStyleDefault;
				INFOPLIST_KEY_UISupportedInterfaceOrientations_iPad = "UIInterfaceOrientationPortrait UIInterfaceOrientationPortraitUpsideDown UIInterfaceOrientationLandscapeLeft UIInterfaceOrientationLandscapeRight";
				INFOPLIST_KEY_UISupportedInterfaceOrientations_iPhone = "UIInterfaceOrientationPortrait UIInterfaceOrientationLandscapeLeft UIInterfaceOrientationLandscapeRight";
				IPHONEOS_DEPLOYMENT_TARGET = 17.4;
				LD_RUNPATH_SEARCH_PATHS = "@executable_path/Frameworks";
				"LD_RUNPATH_SEARCH_PATHS[sdk=macosx*]" = "@executable_path/../Frameworks";
				MACOSX_DEPLOYMENT_TARGET = 14.0;
				MARKETING_VERSION = 1.0;
				PRODUCT_BUNDLE_IDENTIFIER = "com.inspired-developers.Inspired";
				PRODUCT_NAME = "$(TARGET_NAME)";
				SDKROOT = auto;
				SUPPORTED_PLATFORMS = "iphoneos iphonesimulator macosx";
				SWIFT_EMIT_LOC_STRINGS = YES;
				SWIFT_VERSION = 5.0;
				TARGETED_DEVICE_FAMILY = "1,2";
			};
			name = Debug;
		};
		1859A8B52BAB4C7000540E88 /* Release */ = {
			isa = XCBuildConfiguration;
			buildSettings = {
				ASSETCATALOG_COMPILER_APPICON_NAME = AppIcon;
				ASSETCATALOG_COMPILER_GLOBAL_ACCENT_COLOR_NAME = AccentColor;
				CODE_SIGN_ENTITLEMENTS = Inspired/Inspired.entitlements;
				CODE_SIGN_STYLE = Automatic;
				CURRENT_PROJECT_VERSION = 1;
				DEVELOPMENT_ASSET_PATHS = "\"Inspired/Preview Content\"";
				ENABLE_PREVIEWS = YES;
				GENERATE_INFOPLIST_FILE = YES;
				INFOPLIST_FILE = Inspired/Info.plist;
				"INFOPLIST_KEY_UIApplicationSceneManifest_Generation[sdk=iphoneos*]" = YES;
				"INFOPLIST_KEY_UIApplicationSceneManifest_Generation[sdk=iphonesimulator*]" = YES;
				"INFOPLIST_KEY_UIApplicationSupportsIndirectInputEvents[sdk=iphoneos*]" = YES;
				"INFOPLIST_KEY_UIApplicationSupportsIndirectInputEvents[sdk=iphonesimulator*]" = YES;
				"INFOPLIST_KEY_UILaunchScreen_Generation[sdk=iphoneos*]" = YES;
				"INFOPLIST_KEY_UILaunchScreen_Generation[sdk=iphonesimulator*]" = YES;
				"INFOPLIST_KEY_UIStatusBarStyle[sdk=iphoneos*]" = UIStatusBarStyleDefault;
				"INFOPLIST_KEY_UIStatusBarStyle[sdk=iphonesimulator*]" = UIStatusBarStyleDefault;
				INFOPLIST_KEY_UISupportedInterfaceOrientations_iPad = "UIInterfaceOrientationPortrait UIInterfaceOrientationPortraitUpsideDown UIInterfaceOrientationLandscapeLeft UIInterfaceOrientationLandscapeRight";
				INFOPLIST_KEY_UISupportedInterfaceOrientations_iPhone = "UIInterfaceOrientationPortrait UIInterfaceOrientationLandscapeLeft UIInterfaceOrientationLandscapeRight";
				IPHONEOS_DEPLOYMENT_TARGET = 17.4;
				LD_RUNPATH_SEARCH_PATHS = "@executable_path/Frameworks";
				"LD_RUNPATH_SEARCH_PATHS[sdk=macosx*]" = "@executable_path/../Frameworks";
				MACOSX_DEPLOYMENT_TARGET = 14.0;
				MARKETING_VERSION = 1.0;
				PRODUCT_BUNDLE_IDENTIFIER = "com.inspired-developers.Inspired";
				PRODUCT_NAME = "$(TARGET_NAME)";
				SDKROOT = auto;
				SUPPORTED_PLATFORMS = "iphoneos iphonesimulator macosx";
				SWIFT_EMIT_LOC_STRINGS = YES;
				SWIFT_VERSION = 5.0;
				TARGETED_DEVICE_FAMILY = "1,2";
			};
			name = Release;
		};
		1859A8B72BAB4C7000540E88 /* Debug */ = {
			isa = XCBuildConfiguration;
			buildSettings = {
				ALWAYS_EMBED_SWIFT_STANDARD_LIBRARIES = YES;
				BUNDLE_LOADER = "$(TEST_HOST)";
				CODE_SIGN_STYLE = Automatic;
				CURRENT_PROJECT_VERSION = 1;
				GENERATE_INFOPLIST_FILE = YES;
				IPHONEOS_DEPLOYMENT_TARGET = 17.4;
				MACOSX_DEPLOYMENT_TARGET = 14.1;
				MARKETING_VERSION = 1.0;
				PRODUCT_BUNDLE_IDENTIFIER = "com.inspired-developers.InspiredTests";
				PRODUCT_NAME = "$(TARGET_NAME)";
				SDKROOT = auto;
				SUPPORTED_PLATFORMS = "iphoneos iphonesimulator macosx";
				SWIFT_EMIT_LOC_STRINGS = NO;
				SWIFT_VERSION = 5.0;
				TARGETED_DEVICE_FAMILY = "1,2";
				TEST_HOST = "$(BUILT_PRODUCTS_DIR)/Inspired.app/$(BUNDLE_EXECUTABLE_FOLDER_PATH)/Inspired";
			};
			name = Debug;
		};
		1859A8B82BAB4C7000540E88 /* Release */ = {
			isa = XCBuildConfiguration;
			buildSettings = {
				ALWAYS_EMBED_SWIFT_STANDARD_LIBRARIES = YES;
				BUNDLE_LOADER = "$(TEST_HOST)";
				CODE_SIGN_STYLE = Automatic;
				CURRENT_PROJECT_VERSION = 1;
				GENERATE_INFOPLIST_FILE = YES;
				IPHONEOS_DEPLOYMENT_TARGET = 17.4;
				MACOSX_DEPLOYMENT_TARGET = 14.1;
				MARKETING_VERSION = 1.0;
				PRODUCT_BUNDLE_IDENTIFIER = "com.inspired-developers.InspiredTests";
				PRODUCT_NAME = "$(TARGET_NAME)";
				SDKROOT = auto;
				SUPPORTED_PLATFORMS = "iphoneos iphonesimulator macosx";
				SWIFT_EMIT_LOC_STRINGS = NO;
				SWIFT_VERSION = 5.0;
				TARGETED_DEVICE_FAMILY = "1,2";
				TEST_HOST = "$(BUILT_PRODUCTS_DIR)/Inspired.app/$(BUNDLE_EXECUTABLE_FOLDER_PATH)/Inspired";
			};
			name = Release;
		};
		1859A8BA2BAB4C7000540E88 /* Debug */ = {
			isa = XCBuildConfiguration;
			buildSettings = {
				ALWAYS_EMBED_SWIFT_STANDARD_LIBRARIES = YES;
				CODE_SIGN_STYLE = Automatic;
				CURRENT_PROJECT_VERSION = 1;
				GENERATE_INFOPLIST_FILE = YES;
				IPHONEOS_DEPLOYMENT_TARGET = 17.4;
				MACOSX_DEPLOYMENT_TARGET = 14.1;
				MARKETING_VERSION = 1.0;
				PRODUCT_BUNDLE_IDENTIFIER = "com.inspired-developers.InspiredUITests";
				PRODUCT_NAME = "$(TARGET_NAME)";
				SDKROOT = auto;
				SUPPORTED_PLATFORMS = "iphoneos iphonesimulator macosx";
				SWIFT_EMIT_LOC_STRINGS = NO;
				SWIFT_VERSION = 5.0;
				TARGETED_DEVICE_FAMILY = "1,2";
				TEST_TARGET_NAME = Inspired;
			};
			name = Debug;
		};
		1859A8BB2BAB4C7000540E88 /* Release */ = {
			isa = XCBuildConfiguration;
			buildSettings = {
				ALWAYS_EMBED_SWIFT_STANDARD_LIBRARIES = YES;
				CODE_SIGN_STYLE = Automatic;
				CURRENT_PROJECT_VERSION = 1;
				GENERATE_INFOPLIST_FILE = YES;
				IPHONEOS_DEPLOYMENT_TARGET = 17.4;
				MACOSX_DEPLOYMENT_TARGET = 14.1;
				MARKETING_VERSION = 1.0;
				PRODUCT_BUNDLE_IDENTIFIER = "com.inspired-developers.InspiredUITests";
				PRODUCT_NAME = "$(TARGET_NAME)";
				SDKROOT = auto;
				SUPPORTED_PLATFORMS = "iphoneos iphonesimulator macosx";
				SWIFT_EMIT_LOC_STRINGS = NO;
				SWIFT_VERSION = 5.0;
				TARGETED_DEVICE_FAMILY = "1,2";
				TEST_TARGET_NAME = Inspired;
			};
			name = Release;
		};
/* End XCBuildConfiguration section */

/* Begin XCConfigurationList section */
		1859A8872BAB4C6E00540E88 /* Build configuration list for PBXProject "Inspired" */ = {
			isa = XCConfigurationList;
			buildConfigurations = (
				1859A8B12BAB4C7000540E88 /* Debug */,
				1859A8B22BAB4C7000540E88 /* Release */,
			);
			defaultConfigurationIsVisible = 0;
			defaultConfigurationName = Release;
		};
		1859A8B32BAB4C7000540E88 /* Build configuration list for PBXNativeTarget "Inspired" */ = {
			isa = XCConfigurationList;
			buildConfigurations = (
				1859A8B42BAB4C7000540E88 /* Debug */,
				1859A8B52BAB4C7000540E88 /* Release */,
			);
			defaultConfigurationIsVisible = 0;
			defaultConfigurationName = Release;
		};
		1859A8B62BAB4C7000540E88 /* Build configuration list for PBXNativeTarget "InspiredTests" */ = {
			isa = XCConfigurationList;
			buildConfigurations = (
				1859A8B72BAB4C7000540E88 /* Debug */,
				1859A8B82BAB4C7000540E88 /* Release */,
			);
			defaultConfigurationIsVisible = 0;
			defaultConfigurationName = Release;
		};
		1859A8B92BAB4C7000540E88 /* Build configuration list for PBXNativeTarget "InspiredUITests" */ = {
			isa = XCConfigurationList;
			buildConfigurations = (
				1859A8BA2BAB4C7000540E88 /* Debug */,
				1859A8BB2BAB4C7000540E88 /* Release */,
			);
			defaultConfigurationIsVisible = 0;
			defaultConfigurationName = Release;
		};
/* End XCConfigurationList section */
	};
	rootObject = 1859A8842BAB4C6E00540E88 /* Project object */;
}
